
Microsoft Visual Studio Solution File, Format Version 12.00
# Visual Studio Version 17
VisualStudioVersion = 17.3.32819.101
MinimumVisualStudioVersion = 10.0.40219.1
Project("{FAE04EC0-301F-11D3-BF4B-00C04F79EFBC}") = "StudentDB", "StudentDB\StudentDB.csproj", "{F4281B93-7363-4F55-8C6B-BB1E7AEF0F4A}"
EndProject
Global
	GlobalSection(SolutionConfigurationPlatforms) = preSolution
		Debug|Any CPU = Debug|Any CPU
		Release|Any CPU = Release|Any CPU
	EndGlobalSection
	GlobalSection(ProjectConfigurationPlatforms) = postSolution
		{F4281B93-7363-4F55-8C6B-BB1E7AEF0F4A}.Debug|Any CPU.ActiveCfg = Debug|Any CPU
		{F4281B93-7363-4F55-8C6B-BB1E7AEF0F4A}.Debug|Any CPU.Build.0 = Debug|Any CPU
		{F4281B93-7363-4F55-8C6B-BB1E7AEF0F4A}.Release|Any CPU.ActiveCfg = Release|Any CPU
		{F4281B93-7363-4F55-8C6B-BB1E7AEF0F4A}.Release|Any CPU.Build.0 = Release|Any CPU
	EndGlobalSection
	GlobalSection(SolutionProperties) = preSolution
		HideSolutionNode = FALSE
	EndGlobalSection
	GlobalSection(ExtensibilityGlobals) = postSolution
		SolutionGuid = {BAC69BE6-4FE6-455E-B2B4-3E901D39AA14}
	EndGlobalSection
EndGlobal
